
Microsoft Visual Studio Solution File, Format Version 12.00
# Visual Studio Version 16
VisualStudioVersion = 16.0.29001.49
MinimumVisualStudioVersion = 10.0.40219.1
Project("{FAE04EC0-301F-11D3-BF4B-00C04F79EFBC}") = "testingprovider.Android", "testingprovider\testingprovider.Android\testingprovider.Android.csproj", "{C73734DB-3F63-43B1-9089-493FF9C3D78A}"
EndProject
Project("{FAE04EC0-301F-11D3-BF4B-00C04F79EFBC}") = "testingprovider.iOS", "testingprovider\testingprovider.iOS\testingprovider.iOS.csproj", "{D311F901-F1EF-47F8-9994-E41A004E63A1}"
EndProject
Project("{9A19103F-16F7-4668-BE54-9A1E7A4F7556}") = "testingprovider", "testingprovider\testingprovider\testingprovider.csproj", "{C90C8C4E-5D41-4D67-BDAD-B9F2CB71435F}"
EndProject
Project("{FAE04EC0-301F-11D3-BF4B-00C04F79EFBC}") = "apitestingprovider", "apitestingprovider\apitestingprovider.csproj", "{8846C489-BBF1-4261-8F0C-A69EA79C8C96}"
EndProject
Project("{FAE04EC0-301F-11D3-BF4B-00C04F79EFBC}") = "testingproviderClassLibrary", "testingproviderClassLibrary\testingproviderClassLibrary.csproj", "{9322D31C-3636-4984-A4AC-9408512FEBEA}"
EndProject
Global
	GlobalSection(SolutionConfigurationPlatforms) = preSolution
		Debug|Any CPU = Debug|Any CPU
		Debug|iPhone = Debug|iPhone
		Debug|iPhoneSimulator = Debug|iPhoneSimulator
		Release|Any CPU = Release|Any CPU
		Release|iPhone = Release|iPhone
		Release|iPhoneSimulator = Release|iPhoneSimulator
	EndGlobalSection
	GlobalSection(ProjectConfigurationPlatforms) = postSolution
		{C73734DB-3F63-43B1-9089-493FF9C3D78A}.Debug|Any CPU.ActiveCfg = Debug|Any CPU
		{C73734DB-3F63-43B1-9089-493FF9C3D78A}.Debug|Any CPU.Build.0 = Debug|Any CPU
		{C73734DB-3F63-43B1-9089-493FF9C3D78A}.Debug|Any CPU.Deploy.0 = Debug|Any CPU
		{C73734DB-3F63-43B1-9089-493FF9C3D78A}.Debug|iPhone.ActiveCfg = Debug|Any CPU
		{C73734DB-3F63-43B1-9089-493FF9C3D78A}.Debug|iPhone.Build.0 = Debug|Any CPU
		{C73734DB-3F63-43B1-9089-493FF9C3D78A}.Debug|iPhone.Deploy.0 = Debug|Any CPU
		{C73734DB-3F63-43B1-9089-493FF9C3D78A}.Debug|iPhoneSimulator.ActiveCfg = Debug|Any CPU
		{C73734DB-3F63-43B1-9089-493FF9C3D78A}.Debug|iPhoneSimulator.Build.0 = Debug|Any CPU
		{C73734DB-3F63-43B1-9089-493FF9C3D78A}.Debug|iPhoneSimulator.Deploy.0 = Debug|Any CPU
		{C73734DB-3F63-43B1-9089-493FF9C3D78A}.Release|Any CPU.ActiveCfg = Release|Any CPU
		{C73734DB-3F63-43B1-9089-493FF9C3D78A}.Release|Any CPU.Build.0 = Release|Any CPU
		{C73734DB-3F63-43B1-9089-493FF9C3D78A}.Release|Any CPU.Deploy.0 = Release|Any CPU
		{C73734DB-3F63-43B1-9089-493FF9C3D78A}.Release|iPhone.ActiveCfg = Release|Any CPU
		{C73734DB-3F63-43B1-9089-493FF9C3D78A}.Release|iPhone.Build.0 = Release|Any CPU
		{C73734DB-3F63-43B1-9089-493FF9C3D78A}.Release|iPhone.Deploy.0 = Release|Any CPU
		{C73734DB-3F63-43B1-9089-493FF9C3D78A}.Release|iPhoneSimulator.ActiveCfg = Release|Any CPU
		{C73734DB-3F63-43B1-9089-493FF9C3D78A}.Release|iPhoneSimulator.Build.0 = Release|Any CPU
		{C73734DB-3F63-43B1-9089-493FF9C3D78A}.Release|iPhoneSimulator.Deploy.0 = Release|Any CPU
		{D311F901-F1EF-47F8-9994-E41A004E63A1}.Debug|Any CPU.ActiveCfg = Debug|iPhoneSimulator
		{D311F901-F1EF-47F8-9994-E41A004E63A1}.Debug|Any CPU.Build.0 = Debug|iPhoneSimulator
		{D311F901-F1EF-47F8-9994-E41A004E63A1}.Debug|Any CPU.Deploy.0 = Debug|iPhoneSimulator
		{D311F901-F1EF-47F8-9994-E41A004E63A1}.Debug|iPhone.ActiveCfg = Debug|iPhone
		{D311F901-F1EF-47F8-9994-E41A004E63A1}.Debug|iPhone.Build.0 = Debug|iPhone
		{D311F901-F1EF-47F8-9994-E41A004E63A1}.Debug|iPhone.Deploy.0 = Debug|iPhone
		{D311F901-F1EF-47F8-9994-E41A004E63A1}.Debug|iPhoneSimulator.ActiveCfg = Debug|iPhoneSimulator
		{D311F901-F1EF-47F8-9994-E41A004E63A1}.Debug|iPhoneSimulator.Build.0 = Debug|iPhoneSimulator
		{D311F901-F1EF-47F8-9994-E41A004E63A1}.Debug|iPhoneSimulator.Deploy.0 = Debug|iPhoneSimulator
		{D311F901-F1EF-47F8-9994-E41A004E63A1}.Release|Any CPU.ActiveCfg = Release|iPhone
		{D311F901-F1EF-47F8-9994-E41A004E63A1}.Release|Any CPU.Build.0 = Release|iPhone
		{D311F901-F1EF-47F8-9994-E41A004E63A1}.Release|Any CPU.Deploy.0 = Release|iPhone
		{D311F901-F1EF-47F8-9994-E41A004E63A1}.Release|iPhone.ActiveCfg = Release|iPhone
		{D311F901-F1EF-47F8-9994-E41A004E63A1}.Release|iPhone.Build.0 = Release|iPhone
		{D311F901-F1EF-47F8-9994-E41A004E63A1}.Release|iPhone.Deploy.0 = Release|iPhone
		{D311F901-F1EF-47F8-9994-E41A004E63A1}.Release|iPhoneSimulator.ActiveCfg = Release|iPhoneSimulator
		{D311F901-F1EF-47F8-9994-E41A004E63A1}.Release|iPhoneSimulator.Build.0 = Release|iPhoneSimulator
		{D311F901-F1EF-47F8-9994-E41A004E63A1}.Release|iPhoneSimulator.Deploy.0 = Release|iPhoneSimulator
		{C90C8C4E-5D41-4D67-BDAD-B9F2CB71435F}.Debug|Any CPU.ActiveCfg = Debug|Any CPU
		{C90C8C4E-5D41-4D67-BDAD-B9F2CB71435F}.Debug|Any CPU.Build.0 = Debug|Any CPU
		{C90C8C4E-5D41-4D67-BDAD-B9F2CB71435F}.Debug|Any CPU.Deploy.0 = Debug|Any CPU
		{C90C8C4E-5D41-4D67-BDAD-B9F2CB71435F}.Debug|iPhone.ActiveCfg = Debug|Any CPU
		{C90C8C4E-5D41-4D67-BDAD-B9F2CB71435F}.Debug|iPhone.Build.0 = Debug|Any CPU
		{C90C8C4E-5D41-4D67-BDAD-B9F2CB71435F}.Debug|iPhone.Deploy.0 = Debug|Any CPU
		{C90C8C4E-5D41-4D67-BDAD-B9F2CB71435F}.Debug|iPhoneSimulator.ActiveCfg = Debug|Any CPU
		{C90C8C4E-5D41-4D67-BDAD-B9F2CB71435F}.Debug|iPhoneSimulator.Build.0 = Debug|Any CPU
		{C90C8C4E-5D41-4D67-BDAD-B9F2CB71435F}.Debug|iPhoneSimulator.Deploy.0 = Debug|Any CPU
		{C90C8C4E-5D41-4D67-BDAD-B9F2CB71435F}.Release|Any CPU.ActiveCfg = Release|Any CPU
		{C90C8C4E-5D41-4D67-BDAD-B9F2CB71435F}.Release|Any CPU.Build.0 = Release|Any CPU
		{C90C8C4E-5D41-4D67-BDAD-B9F2CB71435F}.Release|Any CPU.Deploy.0 = Release|Any CPU
		{C90C8C4E-5D41-4D67-BDAD-B9F2CB71435F}.Release|iPhone.ActiveCfg = Release|Any CPU
		{C90C8C4E-5D41-4D67-BDAD-B9F2CB71435F}.Release|iPhone.Build.0 = Release|Any CPU
		{C90C8C4E-5D41-4D67-BDAD-B9F2CB71435F}.Release|iPhone.Deploy.0 = Release|Any CPU
		{C90C8C4E-5D41-4D67-BDAD-B9F2CB71435F}.Release|iPhoneSimulator.ActiveCfg = Release|Any CPU
		{C90C8C4E-5D41-4D67-BDAD-B9F2CB71435F}.Release|iPhoneSimulator.Build.0 = Release|Any CPU
		{C90C8C4E-5D41-4D67-BDAD-B9F2CB71435F}.Release|iPhoneSimulator.Deploy.0 = Release|Any CPU
		{8846C489-BBF1-4261-8F0C-A69EA79C8C96}.Debug|Any CPU.ActiveCfg = Debug|Any CPU
		{8846C489-BBF1-4261-8F0C-A69EA79C8C96}.Debug|Any CPU.Build.0 = Debug|Any CPU
		{8846C489-BBF1-4261-8F0C-A69EA79C8C96}.Debug|iPhone.ActiveCfg = Debug|Any CPU
		{8846C489-BBF1-4261-8F0C-A69EA79C8C96}.Debug|iPhone.Build.0 = Debug|Any CPU
		{8846C489-BBF1-4261-8F0C-A69EA79C8C96}.Debug|iPhoneSimulator.ActiveCfg = Debug|Any CPU
		{8846C489-BBF1-4261-8F0C-A69EA79C8C96}.Debug|iPhoneSimulator.Build.0 = Debug|Any CPU
		{8846C489-BBF1-4261-8F0C-A69EA79C8C96}.Release|Any CPU.ActiveCfg = Release|Any CPU
		{8846C489-BBF1-4261-8F0C-A69EA79C8C96}.Release|Any CPU.Build.0 = Release|Any CPU
		{8846C489-BBF1-4261-8F0C-A69EA79C8C96}.Release|iPhone.ActiveCfg = Release|Any CPU
		{8846C489-BBF1-4261-8F0C-A69EA79C8C96}.Release|iPhone.Build.0 = Release|Any CPU
		{8846C489-BBF1-4261-8F0C-A69EA79C8C96}.Release|iPhoneSimulator.ActiveCfg = Release|Any CPU
		{8846C489-BBF1-4261-8F0C-A69EA79C8C96}.Release|iPhoneSimulator.Build.0 = Release|Any CPU
		{9322D31C-3636-4984-A4AC-9408512FEBEA}.Debug|Any CPU.ActiveCfg = Debug|Any CPU
		{9322D31C-3636-4984-A4AC-9408512FEBEA}.Debug|Any CPU.Build.0 = Debug|Any CPU
		{9322D31C-3636-4984-A4AC-9408512FEBEA}.Debug|iPhone.ActiveCfg = Debug|Any CPU
		{9322D31C-3636-4984-A4AC-9408512FEBEA}.Debug|iPhone.Build.0 = Debug|Any CPU
		{9322D31C-3636-4984-A4AC-9408512FEBEA}.Debug|iPhoneSimulator.ActiveCfg = Debug|Any CPU
		{9322D31C-3636-4984-A4AC-9408512FEBEA}.Debug|iPhoneSimulator.Build.0 = Debug|Any CPU
		{9322D31C-3636-4984-A4AC-9408512FEBEA}.Release|Any CPU.ActiveCfg = Release|Any CPU
		{9322D31C-3636-4984-A4AC-9408512FEBEA}.Release|Any CPU.Build.0 = Release|Any CPU
		{9322D31C-3636-4984-A4AC-9408512FEBEA}.Release|iPhone.ActiveCfg = Release|Any CPU
		{9322D31C-3636-4984-A4AC-9408512FEBEA}.Release|iPhone.Build.0 = Release|Any CPU
		{9322D31C-3636-4984-A4AC-9408512FEBEA}.Release|iPhoneSimulator.ActiveCfg = Release|Any CPU
		{9322D31C-3636-4984-A4AC-9408512FEBEA}.Release|iPhoneSimulator.Build.0 = Release|Any CPU
	EndGlobalSection
	GlobalSection(SolutionProperties) = preSolution
		HideSolutionNode = FALSE
	EndGlobalSection
	GlobalSection(ExtensibilityGlobals) = postSolution
		SolutionGuid = {62F5102D-8001-4F28-A6C8-D1D2CA25A7D7}
	EndGlobalSection
EndGlobal
